{
    "_readme": [
        "This file locks the dependencies of your project to a known state",
        "Read more about it at https://getcomposer.org/doc/01-basic-usage.md#installing-dependencies",
        "This file is @generated automatically"
    ],
    "content-hash": "878e96c605cb7da5c348f931985e6944",
    "packages": [
        {
            "name": "syntaxx/phpx-framework",
            "version": "dev-main",
            "dist": {
                "type": "path",
                "url": "../PHPX-Framework",
                "reference": "7ead3b720a1d19d0e6229c1dc996e650d509f3de"
            },
            "require-dev": {
                "phpunit/phpunit": "^10.0"
            },
            "type": "library",
            "autoload": {
                "psr-4": {
                    "Syntaxx\\PHPX\\Framework\\": "src/"
                },
                "files": [
                    "src/useState.php"
                ]
            },
            "autoload-dev": {
                "psr-4": {
                    "Syntaxx\\PHPX\\Framework\\Tests\\": "tests/"
                }
            },
            "license": [
                "MIT"
            ],
            "description": "PHPX Framework - A modern PHP framework with JSX-like syntax support",
            "transport-options": {
                "symlink": true,
                "relative": true
            }
        },
        {
            "name": "syntaxx/wasm-php-runtime-vrzno",
            "version": "v8.3.0",
            "source": {
                "type": "git",
                "url": "https://github.com/Syntaxx-HQ/PHPX-WasmPHPRuntimeVrzno.git",
                "reference": "6ba60df001006b73687940747dc1fdd186a718f0"
            },
            "dist": {
                "type": "zip",
                "url": "https://api.github.com/repos/Syntaxx-HQ/PHPX-WasmPHPRuntimeVrzno/zipball/6ba60df001006b73687940747dc1fdd186a718f0",
                "reference": "6ba60df001006b73687940747dc1fdd186a718f0",
                "shasum": ""
            },
            "require": {
                "composer-plugin-api": "^2.0"
            },
            "type": "composer-plugin",
            "extra": {
                "class": "Syntaxx\\PhpWasm\\Plugin",
                "php-wasm": {
                    "target-dir": "public/wasm"
                }
            },
            "autoload": {
                "psr-4": {
                    "Syntaxx\\PhpWasm\\": "src/"
                }
            },
            "notification-url": "https://packagist.org/downloads/",
            "description": "Prebuilt PHP WebAssembly runtime (php.wasm + php.js)",
            "support": {
                "issues": "https://github.com/Syntaxx-HQ/PHPX-WasmPHPRuntimeVrzno/issues",
                "source": "https://github.com/Syntaxx-HQ/PHPX-WasmPHPRuntimeVrzno/tree/v8.3.0"
            },
            "time": "2025-05-28T18:11:50+00:00"
        }
    ],
    "packages-dev": [
        {
            "name": "syntaxx/lz4",
            "version": "v0.1.0",
            "source": {
                "type": "git",
                "url": "https://github.com/Syntaxx-HQ/PHPX-Lz4.git",
                "reference": "f8e11ff917bfd4a0e5842d355020a562b395ce4a"
            },
            "dist": {
                "type": "zip",
                "url": "https://api.github.com/repos/Syntaxx-HQ/PHPX-Lz4/zipball/f8e11ff917bfd4a0e5842d355020a562b395ce4a",
                "reference": "f8e11ff917bfd4a0e5842d355020a562b395ce4a",
                "shasum": ""
            },
            "require": {
                "php": ">=8.1"
            },
            "require-dev": {
                "phpunit/phpunit": "^10.0",
                "slevomat/coding-standard": "^8.0",
                "squizlabs/php_codesniffer": "^3.7"
            },
            "type": "library",
            "autoload": {
                "psr-4": {
                    "Syntaxx\\LZ4\\": "src/"
                }
            },
            "notification-url": "https://packagist.org/downloads/",
            "license": [
                "MIT"
            ],
            "description": "A pure PHP implementation of LZ4 compression and decompression",
            "keywords": [
                "compression",
                "decompression",
                "lz4"
            ],
            "support": {
                "issues": "https://github.com/Syntaxx-HQ/PHPX-Lz4/issues",
                "source": "https://github.com/Syntaxx-HQ/PHPX-Lz4/tree/v0.1.0"
            },
            "time": "2025-05-17T14:28:06+00:00"
        },
        {
            "name": "syntaxx/phpx-build-tools",
            "version": "dev-add-serve-command",
            "dist": {
                "type": "path",
                "url": "../PHPX-BuildTools",
                "reference": "21ddad6166f4a57e0f9bf15c16b3738fd358634d"
            },
            "require": {
                "php": ">=8.3",
                "syntaxx/phpx-compiler": "*",
                "syntaxx/webassembly-packer": "*"
            },
            "require-dev": {
                "phpunit/phpunit": "^10.0"
            },
            "bin": [
                "bin/phpx-build"
            ],
            "type": "library",
            "autoload": {
                "psr-4": {
                    "Syntaxx\\PHPX\\BuildTools\\": "src/"
                }
            },
            "license": [
                "MIT"
            ],
            "authors": [
                {
                    "name": "Bohuslav Simek",
                    "email": "bohuslav@simek.si"
                }
            ],
            "description": "Build tools for PHPX WebAssembly projects",
            "keywords": [
                "build-tools",
                "bundler",
                "phpx",
                "wasm",
                "webassembly"
            ],
            "transport-options": {
                "symlink": true,
                "relative": true
            }
        },
        {
            "name": "syntaxx/phpx-compiler",
            "version": "dev-main",
            "dist": {
                "type": "path",
                "url": "../PHPX-Compiler",
                "reference": "033be501a36b34d8af87b92a0e8398a27cfbbe09"
            },
            "require": {
                "syntaxx/phpx-parser": "*"
            },
            "require-dev": {
                "phpunit/phpunit": "^10.0"
            },
            "type": "library",
            "autoload": {
                "psr-4": {
                    "Syntaxx\\PHPX\\": "src/"
                }
            },
            "autoload-dev": {
                "psr-4": {
                    "Syntaxx\\PHPX\\Tests\\": "tests/"
                }
            },
            "license": [
                "MIT"
            ],
            "description": "JSX-like syntax for PHP with WebAssembly and SSR support",
            "transport-options": {
                "symlink": true,
                "relative": true
            }
        },
        {
            "name": "syntaxx/phpx-parser",
            "version": "v5.4.2",
            "source": {
                "type": "git",
                "url": "https://github.com/kambo-1st/PHP-X-Parser.git",
                "reference": "81e506fb2817061fcf74f8ae78c1d71a3e7d6d4b"
            },
            "dist": {
                "type": "zip",
                "url": "https://api.github.com/repos/kambo-1st/PHP-X-Parser/zipball/81e506fb2817061fcf74f8ae78c1d71a3e7d6d4b",
                "reference": "81e506fb2817061fcf74f8ae78c1d71a3e7d6d4b",
                "shasum": ""
            },
            "require": {
                "ext-ctype": "*",
                "ext-json": "*",
                "ext-tokenizer": "*",
                "php": ">=7.4"
            },
            "require-dev": {
                "ircmaxell/php-yacc": "^0.0.7",
                "phpunit/phpunit": "^9.0"
            },
            "bin": [
                "bin/php-parse"
            ],
            "type": "library",
            "extra": {
                "branch-alias": {
                    "dev-master": "5.0-dev"
                }
            },
            "autoload": {
                "psr-4": {
                    "PhpParser\\": "lib/PhpParser"
                }
            },
            "notification-url": "https://packagist.org/downloads/",
            "license": [
                "BSD-3-Clause"
            ],
            "authors": [
                {
                    "name": "Nikita Popov"
                }
            ],
            "description": "A PHPX parser written in PHP",
            "keywords": [
                "parser",
                "php"
            ],
            "support": {
                "source": "https://github.com/kambo-1st/PHP-X-Parser/tree/v5.4.2"
            },
            "time": "2025-10-26T20:55:39+00:00"
        },
        {
            "name": "syntaxx/webassembly-packer",
            "version": "dev-main",
            "dist": {
                "type": "path",
                "url": "../PHPX-WebAssemblyPacker",
                "reference": "73b981bdfe102084892104200390c135c2eb13f6"
            },
            "require": {
                "php": ">=8.1",
                "syntaxx/lz4": "*"
            },
            "require-dev": {
                "phpunit/phpunit": "^10.0",
                "symfony/process": "^6.0"
            },
            "bin": [
                "bin/file-packager"
            ],
            "type": "project",
            "autoload": {
                "psr-4": {
                    "Tests\\": "tests/",
                    "Syntaxx\\WebAssemblyPacker\\": "src/"
                }
            },
            "scripts": {
                "test": [
                    "phpunit"
                ],
                "test:unit": [
                    "phpunit --testsuite 'Unit Tests'"
                ],
                "test:e2e": [
                    "phpunit --testsuite 'E2E Tests'"
                ]
            },
            "license": [
                "MIT"
            ],
            "description": "WebAssembly file packager with LZ4 compression support",
            "transport-options": {
                "symlink": true,
                "relative": true
            }
        }
    ],
    "aliases": [],
    "minimum-stability": "dev",
    "stability-flags": {},
    "prefer-stable": true,
    "prefer-lowest": false,
    "platform": {},
    "platform-dev": {},
    "plugin-api-version": "2.6.0"
}
